dependencies:
- name: postgresql
  repository: https://charts.bitnami.com/bitnami
  version: 12.2.8
- name: rabbitmq
  repository: https://charts.bitnami.com/bitnami
  version: 11.15.2
digest: sha256:eb6b3733f10f798e747edd13ccee9077d16fe8113fe61dcdac209f45e5b2f63c
generated: "2023-05-28T11:23:21.2048684+03:00"
